
Microsoft Visual Studio Solution File, Format Version 12.00
# Visual Studio Version 17
VisualStudioVersion = 17.8.34330.188
MinimumVisualStudioVersion = 10.0.40219.1
Project("{2150E333-8FDC-42A3-9474-1A3956D46DE8}") = "Services", "Services", "{F1204286-5C87-4AF6-99D6-3AFBBE2EC373}"
EndProject
Project("{2150E333-8FDC-42A3-9474-1A3956D46DE8}") = "Catalog", "Catalog", "{967C8713-3B64-4EFE-A58A-F789EB12C39B}"
EndProject
Project("{9A19103F-16F7-4668-BE54-9A1E7A4F7556}") = "Catalog.API", "Services\Catalog\Catalog.API\Catalog.API.csproj", "{9973435F-C9A5-40A7-8E75-A6070E012FA4}"
EndProject
Project("{2150E333-8FDC-42A3-9474-1A3956D46DE8}") = "BuildingBlocks", "BuildingBlocks", "{E9C37C7B-647C-4EA6-8571-0FB3B66E2136}"
EndProject
Project("{9A19103F-16F7-4668-BE54-9A1E7A4F7556}") = "BuildingBlocks", "BuildingBlocks\BuildingBlocks\BuildingBlocks.csproj", "{F704887B-721E-4015-8506-C234722AD812}"
EndProject
Project("{E53339B2-1760-4266-BCC7-CA923CBCF16C}") = "docker-compose", "docker-compose.dcproj", "{3CBED893-15AF-4B2F-977C-A07CF6D83F68}"
EndProject
Project("{2150E333-8FDC-42A3-9474-1A3956D46DE8}") = "Basket", "Basket", "{2B3CA584-DA30-4D7C-BB7C-79B56EE6C32B}"
EndProject
Project("{9A19103F-16F7-4668-BE54-9A1E7A4F7556}") = "Basket.API", "Services\Basket\Basket.API\Basket.API.csproj", "{9037C0BF-4A98-417C-A7EB-BA60BBFF1A6B}"
EndProject
Project("{2150E333-8FDC-42A3-9474-1A3956D46DE8}") = "Discount", "Discount", "{7CDFB3AE-5192-438B-9AAB-3C42D6320818}"
EndProject
Project("{9A19103F-16F7-4668-BE54-9A1E7A4F7556}") = "Discount.Grpc", "Services\Discount\Discount.Grpc\Discount.Grpc.csproj", "{1A5D94AF-5104-40AE-97F8-5460E7068FC2}"
EndProject
Global
	GlobalSection(SolutionConfigurationPlatforms) = preSolution
		Debug|Any CPU = Debug|Any CPU
		Release|Any CPU = Release|Any CPU
	EndGlobalSection
	GlobalSection(ProjectConfigurationPlatforms) = postSolution
		{9973435F-C9A5-40A7-8E75-A6070E012FA4}.Debug|Any CPU.ActiveCfg = Debug|Any CPU
		{9973435F-C9A5-40A7-8E75-A6070E012FA4}.Debug|Any CPU.Build.0 = Debug|Any CPU
		{9973435F-C9A5-40A7-8E75-A6070E012FA4}.Release|Any CPU.ActiveCfg = Release|Any CPU
		{9973435F-C9A5-40A7-8E75-A6070E012FA4}.Release|Any CPU.Build.0 = Release|Any CPU
		{F704887B-721E-4015-8506-C234722AD812}.Debug|Any CPU.ActiveCfg = Debug|Any CPU
		{F704887B-721E-4015-8506-C234722AD812}.Debug|Any CPU.Build.0 = Debug|Any CPU
		{F704887B-721E-4015-8506-C234722AD812}.Release|Any CPU.ActiveCfg = Release|Any CPU
		{F704887B-721E-4015-8506-C234722AD812}.Release|Any CPU.Build.0 = Release|Any CPU
		{3CBED893-15AF-4B2F-977C-A07CF6D83F68}.Debug|Any CPU.ActiveCfg = Debug|Any CPU
		{3CBED893-15AF-4B2F-977C-A07CF6D83F68}.Debug|Any CPU.Build.0 = Debug|Any CPU
		{3CBED893-15AF-4B2F-977C-A07CF6D83F68}.Release|Any CPU.ActiveCfg = Release|Any CPU
		{3CBED893-15AF-4B2F-977C-A07CF6D83F68}.Release|Any CPU.Build.0 = Release|Any CPU
		{9037C0BF-4A98-417C-A7EB-BA60BBFF1A6B}.Debug|Any CPU.ActiveCfg = Debug|Any CPU
		{9037C0BF-4A98-417C-A7EB-BA60BBFF1A6B}.Debug|Any CPU.Build.0 = Debug|Any CPU
		{9037C0BF-4A98-417C-A7EB-BA60BBFF1A6B}.Release|Any CPU.ActiveCfg = Release|Any CPU
		{9037C0BF-4A98-417C-A7EB-BA60BBFF1A6B}.Release|Any CPU.Build.0 = Release|Any CPU
		{1A5D94AF-5104-40AE-97F8-5460E7068FC2}.Debug|Any CPU.ActiveCfg = Debug|Any CPU
		{1A5D94AF-5104-40AE-97F8-5460E7068FC2}.Debug|Any CPU.Build.0 = Debug|Any CPU
		{1A5D94AF-5104-40AE-97F8-5460E7068FC2}.Release|Any CPU.ActiveCfg = Release|Any CPU
		{1A5D94AF-5104-40AE-97F8-5460E7068FC2}.Release|Any CPU.Build.0 = Release|Any CPU
	EndGlobalSection
	GlobalSection(SolutionProperties) = preSolution
		HideSolutionNode = FALSE
	EndGlobalSection
	GlobalSection(NestedProjects) = preSolution
		{967C8713-3B64-4EFE-A58A-F789EB12C39B} = {F1204286-5C87-4AF6-99D6-3AFBBE2EC373}
		{9973435F-C9A5-40A7-8E75-A6070E012FA4} = {967C8713-3B64-4EFE-A58A-F789EB12C39B}
		{F704887B-721E-4015-8506-C234722AD812} = {E9C37C7B-647C-4EA6-8571-0FB3B66E2136}
		{2B3CA584-DA30-4D7C-BB7C-79B56EE6C32B} = {F1204286-5C87-4AF6-99D6-3AFBBE2EC373}
		{9037C0BF-4A98-417C-A7EB-BA60BBFF1A6B} = {2B3CA584-DA30-4D7C-BB7C-79B56EE6C32B}
		{7CDFB3AE-5192-438B-9AAB-3C42D6320818} = {F1204286-5C87-4AF6-99D6-3AFBBE2EC373}
		{1A5D94AF-5104-40AE-97F8-5460E7068FC2} = {7CDFB3AE-5192-438B-9AAB-3C42D6320818}
	EndGlobalSection
	GlobalSection(ExtensibilityGlobals) = postSolution
		SolutionGuid = {DEECC148-4867-42BE-9271-B9C7CEA2C4AB}
	EndGlobalSection
EndGlobal
